
Microsoft Visual Studio Solution File, Format Version 12.00
# Visual Studio Version 16
VisualStudioVersion = 16.0.31105.61
MinimumVisualStudioVersion = 10.0.40219.1
Project("{9A19103F-16F7-4668-BE54-9A1E7A4F7556}") = "Parser", "Parser\Parser.csproj", "{B0A69DB5-2279-4342-9458-37549C72EAEC}"
EndProject
Global
	GlobalSection(SolutionConfigurationPlatforms) = preSolution
		Debug|Any CPU = Debug|Any CPU
		Release|Any CPU = Release|Any CPU
	EndGlobalSection
	GlobalSection(ProjectConfigurationPlatforms) = postSolution
		{B0A69DB5-2279-4342-9458-37549C72EAEC}.Debug|Any CPU.ActiveCfg = Debug|Any CPU
		{B0A69DB5-2279-4342-9458-37549C72EAEC}.Debug|Any CPU.Build.0 = Debug|Any CPU
		{B0A69DB5-2279-4342-9458-37549C72EAEC}.Release|Any CPU.ActiveCfg = Release|Any CPU
		{B0A69DB5-2279-4342-9458-37549C72EAEC}.Release|Any CPU.Build.0 = Release|Any CPU
	EndGlobalSection
	GlobalSection(SolutionProperties) = preSolution
		HideSolutionNode = FALSE
	EndGlobalSection
	GlobalSection(ExtensibilityGlobals) = postSolution
		SolutionGuid = {4411C3F2-BDD2-427B-BF36-5CE58F00C8DD}
	EndGlobalSection
EndGlobal
